
Microsoft Visual Studio Solution File, Format Version 12.00
# Visual Studio 15
VisualStudioVersion = 15.0.28307.902
MinimumVisualStudioVersion = 10.0.40219.1
Project("{8BC9CEB8-8B4A-11D0-8D11-00A0C91BC942}") = "AOC_Day3", "AOC_Day3\AOC_Day3.vcxproj", "{499696A8-EC6A-4E16-83A9-8966D6E10597}"
EndProject
Global
	GlobalSection(SolutionConfigurationPlatforms) = preSolution
		Debug|x64 = Debug|x64
		Debug|x86 = Debug|x86
		Release|x64 = Release|x64
		Release|x86 = Release|x86
	EndGlobalSection
	GlobalSection(ProjectConfigurationPlatforms) = postSolution
		{499696A8-EC6A-4E16-83A9-8966D6E10597}.Debug|x64.ActiveCfg = Debug|x64
		{499696A8-EC6A-4E16-83A9-8966D6E10597}.Debug|x64.Build.0 = Debug|x64
		{499696A8-EC6A-4E16-83A9-8966D6E10597}.Debug|x86.ActiveCfg = Debug|Win32
		{499696A8-EC6A-4E16-83A9-8966D6E10597}.Debug|x86.Build.0 = Debug|Win32
		{499696A8-EC6A-4E16-83A9-8966D6E10597}.Release|x64.ActiveCfg = Release|x64
		{499696A8-EC6A-4E16-83A9-8966D6E10597}.Release|x64.Build.0 = Release|x64
		{499696A8-EC6A-4E16-83A9-8966D6E10597}.Release|x86.ActiveCfg = Release|Win32
		{499696A8-EC6A-4E16-83A9-8966D6E10597}.Release|x86.Build.0 = Release|Win32
	EndGlobalSection
	GlobalSection(SolutionProperties) = preSolution
		HideSolutionNode = FALSE
	EndGlobalSection
	GlobalSection(ExtensibilityGlobals) = postSolution
		SolutionGuid = {2BBC1D18-DF49-479B-8646-9E90D511C8A2}
	EndGlobalSection
EndGlobal
